
Microsoft Visual Studio Solution File, Format Version 12.00
# Visual Studio 15
VisualStudioVersion = 15.0.27130.2024
MinimumVisualStudioVersion = 10.0.40219.1
Project("{FAE04EC0-301F-11D3-BF4B-00C04F79EFBC}") = "DataMining", "DataMining\DataMining.csproj", "{312CDBDF-6E87-4263-B878-A1E7D64F3A5B}"
EndProject
Project("{FAE04EC0-301F-11D3-BF4B-00C04F79EFBC}") = "DataMiningUnitTests", "DataMiningUnitTests\DataMiningUnitTests.csproj", "{30CCA2F2-4B78-4395-8E9E-26A1861E9723}"
EndProject
Project("{FAE04EC0-301F-11D3-BF4B-00C04F79EFBC}") = "DataMining.PageRank", "DataMining.PageRank\DataMining.PageRank.csproj", "{F3DFDA76-CC59-41F7-A7B4-78CE857D016A}"
EndProject
Project("{FAE04EC0-301F-11D3-BF4B-00C04F79EFBC}") = "DataMining.C45", "DataMining.C45\DataMining.C45.csproj", "{159B53C2-62CD-4468-9DAD-84B9363E57E6}"
EndProject
Project("{2150E333-8FDC-42A3-9474-1A3956D46DE8}") = "Alogorithm", "Alogorithm", "{8E369D89-70CB-45DA-9331-E29CFBE718C6}"
EndProject
Project("{2150E333-8FDC-42A3-9474-1A3956D46DE8}") = "Test", "Test", "{5B536C40-7861-4236-AE16-E0F83F3745D3}"
EndProject
Project("{2150E333-8FDC-42A3-9474-1A3956D46DE8}") = "Common", "Common", "{7151C74D-64A4-468E-82EE-0F33761C9A3D}"
EndProject
Project("{FAE04EC0-301F-11D3-BF4B-00C04F79EFBC}") = "DataMining.Common", "DataMining.Common\DataMining.Common.csproj", "{5469E6A0-EAAB-4718-919F-995972D5F941}"
EndProject
Global
	GlobalSection(SolutionConfigurationPlatforms) = preSolution
		Debug|Any CPU = Debug|Any CPU
		Release|Any CPU = Release|Any CPU
	EndGlobalSection
	GlobalSection(ProjectConfigurationPlatforms) = postSolution
		{312CDBDF-6E87-4263-B878-A1E7D64F3A5B}.Debug|Any CPU.ActiveCfg = Debug|Any CPU
		{312CDBDF-6E87-4263-B878-A1E7D64F3A5B}.Debug|Any CPU.Build.0 = Debug|Any CPU
		{312CDBDF-6E87-4263-B878-A1E7D64F3A5B}.Release|Any CPU.ActiveCfg = Release|Any CPU
		{312CDBDF-6E87-4263-B878-A1E7D64F3A5B}.Release|Any CPU.Build.0 = Release|Any CPU
		{30CCA2F2-4B78-4395-8E9E-26A1861E9723}.Debug|Any CPU.ActiveCfg = Debug|Any CPU
		{30CCA2F2-4B78-4395-8E9E-26A1861E9723}.Debug|Any CPU.Build.0 = Debug|Any CPU
		{30CCA2F2-4B78-4395-8E9E-26A1861E9723}.Release|Any CPU.ActiveCfg = Release|Any CPU
		{30CCA2F2-4B78-4395-8E9E-26A1861E9723}.Release|Any CPU.Build.0 = Release|Any CPU
		{F3DFDA76-CC59-41F7-A7B4-78CE857D016A}.Debug|Any CPU.ActiveCfg = Debug|Any CPU
		{F3DFDA76-CC59-41F7-A7B4-78CE857D016A}.Debug|Any CPU.Build.0 = Debug|Any CPU
		{F3DFDA76-CC59-41F7-A7B4-78CE857D016A}.Release|Any CPU.ActiveCfg = Release|Any CPU
		{F3DFDA76-CC59-41F7-A7B4-78CE857D016A}.Release|Any CPU.Build.0 = Release|Any CPU
		{159B53C2-62CD-4468-9DAD-84B9363E57E6}.Debug|Any CPU.ActiveCfg = Debug|Any CPU
		{159B53C2-62CD-4468-9DAD-84B9363E57E6}.Debug|Any CPU.Build.0 = Debug|Any CPU
		{159B53C2-62CD-4468-9DAD-84B9363E57E6}.Release|Any CPU.ActiveCfg = Release|Any CPU
		{159B53C2-62CD-4468-9DAD-84B9363E57E6}.Release|Any CPU.Build.0 = Release|Any CPU
		{5469E6A0-EAAB-4718-919F-995972D5F941}.Debug|Any CPU.ActiveCfg = Debug|Any CPU
		{5469E6A0-EAAB-4718-919F-995972D5F941}.Debug|Any CPU.Build.0 = Debug|Any CPU
		{5469E6A0-EAAB-4718-919F-995972D5F941}.Release|Any CPU.ActiveCfg = Release|Any CPU
		{5469E6A0-EAAB-4718-919F-995972D5F941}.Release|Any CPU.Build.0 = Release|Any CPU
	EndGlobalSection
	GlobalSection(SolutionProperties) = preSolution
		HideSolutionNode = FALSE
	EndGlobalSection
	GlobalSection(NestedProjects) = preSolution
		{312CDBDF-6E87-4263-B878-A1E7D64F3A5B} = {8E369D89-70CB-45DA-9331-E29CFBE718C6}
		{30CCA2F2-4B78-4395-8E9E-26A1861E9723} = {5B536C40-7861-4236-AE16-E0F83F3745D3}
		{F3DFDA76-CC59-41F7-A7B4-78CE857D016A} = {8E369D89-70CB-45DA-9331-E29CFBE718C6}
		{159B53C2-62CD-4468-9DAD-84B9363E57E6} = {8E369D89-70CB-45DA-9331-E29CFBE718C6}
		{5469E6A0-EAAB-4718-919F-995972D5F941} = {7151C74D-64A4-468E-82EE-0F33761C9A3D}
	EndGlobalSection
	GlobalSection(ExtensibilityGlobals) = postSolution
		SolutionGuid = {A630E2D0-B5E9-42EC-9532-74E240A8AF86}
	EndGlobalSection
EndGlobal
